
Microsoft Visual Studio Solution File, Format Version 12.00
# Visual Studio Version 17
VisualStudioVersion = 17.3.32922.545
MinimumVisualStudioVersion = 10.0.40219.1
Project("{9A19103F-16F7-4668-BE54-9A1E7A4F7556}") = "ConsoleApp", "ConsoleApp\ConsoleApp.csproj", "{FD6C2AC0-2D1F-438F-94DB-24B52841D513}"
EndProject
Project("{9A19103F-16F7-4668-BE54-9A1E7A4F7556}") = "TrainingTasksExecutor", "TrainingTasksExecutor\TrainingTasksExecutor.csproj", "{2335471D-4F60-40D1-8CC5-1C54DA5A84BC}"
EndProject
Project("{9A19103F-16F7-4668-BE54-9A1E7A4F7556}") = "CommonLib", "CommonLib\CommonLib.csproj", "{E597172A-963A-4425-80DF-09B035C266B1}"
EndProject
Project("{9A19103F-16F7-4668-BE54-9A1E7A4F7556}") = "PostgresLib", "PostgresLib\PostgresLib.csproj", "{3DAF7A4E-2B7E-4BE9-AE7A-D30E57FFF2D9}"
EndProject
Project("{9A19103F-16F7-4668-BE54-9A1E7A4F7556}") = "AutoasmDataLogger", "AutoasmDataLogger\AutoasmDataLogger.csproj", "{CB64DB64-2EDB-4486-98F8-8F92FF637BC3}"
EndProject
Project("{9A19103F-16F7-4668-BE54-9A1E7A4F7556}") = "SerialLogger", "SerialLogger\SerialLogger.csproj", "{79459F99-AB44-4B34-8437-A9672A372B51}"
EndProject
Project("{9A19103F-16F7-4668-BE54-9A1E7A4F7556}") = "SnakeGame", "SnakeGame\SnakeGame.csproj", "{C379308D-C9FD-48B1-A5D6-DEA31EFE3295}"
EndProject
Project("{9A19103F-16F7-4668-BE54-9A1E7A4F7556}") = "Prompter", "Prompter\Prompter.csproj", "{9DF5FDD1-5B58-40CD-BC89-9778E7D345EB}"
EndProject
Project("{9A19103F-16F7-4668-BE54-9A1E7A4F7556}") = "DocWorker", "DocWorker\DocWorker.csproj", "{BFA700C3-CFE8-4DC3-BA5B-3D202217EE9D}"
EndProject
Project("{FAE04EC0-301F-11D3-BF4B-00C04F79EFBC}") = "AppML", "AppML\AppML.csproj", "{675CA5EA-DD77-4FE3-AA7A-A61DE43D54D6}"
EndProject
Global
	GlobalSection(SolutionConfigurationPlatforms) = preSolution
		Debug|Any CPU = Debug|Any CPU
		Release|Any CPU = Release|Any CPU
	EndGlobalSection
	GlobalSection(ProjectConfigurationPlatforms) = postSolution
		{FD6C2AC0-2D1F-438F-94DB-24B52841D513}.Debug|Any CPU.ActiveCfg = Debug|Any CPU
		{FD6C2AC0-2D1F-438F-94DB-24B52841D513}.Debug|Any CPU.Build.0 = Debug|Any CPU
		{FD6C2AC0-2D1F-438F-94DB-24B52841D513}.Release|Any CPU.ActiveCfg = Release|Any CPU
		{FD6C2AC0-2D1F-438F-94DB-24B52841D513}.Release|Any CPU.Build.0 = Release|Any CPU
		{2335471D-4F60-40D1-8CC5-1C54DA5A84BC}.Debug|Any CPU.ActiveCfg = Debug|Any CPU
		{2335471D-4F60-40D1-8CC5-1C54DA5A84BC}.Debug|Any CPU.Build.0 = Debug|Any CPU
		{2335471D-4F60-40D1-8CC5-1C54DA5A84BC}.Release|Any CPU.ActiveCfg = Release|Any CPU
		{2335471D-4F60-40D1-8CC5-1C54DA5A84BC}.Release|Any CPU.Build.0 = Release|Any CPU
		{E597172A-963A-4425-80DF-09B035C266B1}.Debug|Any CPU.ActiveCfg = Debug|Any CPU
		{E597172A-963A-4425-80DF-09B035C266B1}.Debug|Any CPU.Build.0 = Debug|Any CPU
		{E597172A-963A-4425-80DF-09B035C266B1}.Release|Any CPU.ActiveCfg = Release|Any CPU
		{E597172A-963A-4425-80DF-09B035C266B1}.Release|Any CPU.Build.0 = Release|Any CPU
		{3DAF7A4E-2B7E-4BE9-AE7A-D30E57FFF2D9}.Debug|Any CPU.ActiveCfg = Debug|Any CPU
		{3DAF7A4E-2B7E-4BE9-AE7A-D30E57FFF2D9}.Debug|Any CPU.Build.0 = Debug|Any CPU
		{3DAF7A4E-2B7E-4BE9-AE7A-D30E57FFF2D9}.Release|Any CPU.ActiveCfg = Release|Any CPU
		{3DAF7A4E-2B7E-4BE9-AE7A-D30E57FFF2D9}.Release|Any CPU.Build.0 = Release|Any CPU
		{CB64DB64-2EDB-4486-98F8-8F92FF637BC3}.Debug|Any CPU.ActiveCfg = Debug|Any CPU
		{CB64DB64-2EDB-4486-98F8-8F92FF637BC3}.Debug|Any CPU.Build.0 = Debug|Any CPU
		{CB64DB64-2EDB-4486-98F8-8F92FF637BC3}.Release|Any CPU.ActiveCfg = Release|Any CPU
		{CB64DB64-2EDB-4486-98F8-8F92FF637BC3}.Release|Any CPU.Build.0 = Release|Any CPU
		{79459F99-AB44-4B34-8437-A9672A372B51}.Debug|Any CPU.ActiveCfg = Debug|Any CPU
		{79459F99-AB44-4B34-8437-A9672A372B51}.Debug|Any CPU.Build.0 = Debug|Any CPU
		{79459F99-AB44-4B34-8437-A9672A372B51}.Release|Any CPU.ActiveCfg = Release|Any CPU
		{79459F99-AB44-4B34-8437-A9672A372B51}.Release|Any CPU.Build.0 = Release|Any CPU
		{C379308D-C9FD-48B1-A5D6-DEA31EFE3295}.Debug|Any CPU.ActiveCfg = Debug|Any CPU
		{C379308D-C9FD-48B1-A5D6-DEA31EFE3295}.Debug|Any CPU.Build.0 = Debug|Any CPU
		{C379308D-C9FD-48B1-A5D6-DEA31EFE3295}.Release|Any CPU.ActiveCfg = Release|Any CPU
		{C379308D-C9FD-48B1-A5D6-DEA31EFE3295}.Release|Any CPU.Build.0 = Release|Any CPU
		{9DF5FDD1-5B58-40CD-BC89-9778E7D345EB}.Debug|Any CPU.ActiveCfg = Debug|Any CPU
		{9DF5FDD1-5B58-40CD-BC89-9778E7D345EB}.Debug|Any CPU.Build.0 = Debug|Any CPU
		{9DF5FDD1-5B58-40CD-BC89-9778E7D345EB}.Release|Any CPU.ActiveCfg = Release|Any CPU
		{9DF5FDD1-5B58-40CD-BC89-9778E7D345EB}.Release|Any CPU.Build.0 = Release|Any CPU
		{BFA700C3-CFE8-4DC3-BA5B-3D202217EE9D}.Debug|Any CPU.ActiveCfg = Debug|Any CPU
		{BFA700C3-CFE8-4DC3-BA5B-3D202217EE9D}.Debug|Any CPU.Build.0 = Debug|Any CPU
		{BFA700C3-CFE8-4DC3-BA5B-3D202217EE9D}.Release|Any CPU.ActiveCfg = Release|Any CPU
		{BFA700C3-CFE8-4DC3-BA5B-3D202217EE9D}.Release|Any CPU.Build.0 = Release|Any CPU
		{675CA5EA-DD77-4FE3-AA7A-A61DE43D54D6}.Debug|Any CPU.ActiveCfg = Debug|Any CPU
		{675CA5EA-DD77-4FE3-AA7A-A61DE43D54D6}.Debug|Any CPU.Build.0 = Debug|Any CPU
		{675CA5EA-DD77-4FE3-AA7A-A61DE43D54D6}.Release|Any CPU.ActiveCfg = Release|Any CPU
		{675CA5EA-DD77-4FE3-AA7A-A61DE43D54D6}.Release|Any CPU.Build.0 = Release|Any CPU
	EndGlobalSection
	GlobalSection(SolutionProperties) = preSolution
		HideSolutionNode = FALSE
	EndGlobalSection
	GlobalSection(ExtensibilityGlobals) = postSolution
		SolutionGuid = {EFD28159-78A5-4C05-AE50-3F7E112FDAAD}
	EndGlobalSection
EndGlobal
